
Microsoft Visual Studio Solution File, Format Version 12.00
# Visual Studio Version 17
VisualStudioVersion = 17.14.36310.24 d17.14
MinimumVisualStudioVersion = 10.0.40219.1
Project("{FAE04EC0-301F-11D3-BF4B-00C04F79EFBC}") = "Interfaces", "Interfaces.csproj", "{5C8EECAD-B390-4F7A-B316-2010B25154CC}"
EndProject
Global
	GlobalSection(SolutionConfigurationPlatforms) = preSolution
		Debug|Any CPU = Debug|Any CPU
		Release|Any CPU = Release|Any CPU
	EndGlobalSection
	GlobalSection(ProjectConfigurationPlatforms) = postSolution
		{5C8EECAD-B390-4F7A-B316-2010B25154CC}.Debug|Any CPU.ActiveCfg = Debug|Any CPU
		{5C8EECAD-B390-4F7A-B316-2010B25154CC}.Debug|Any CPU.Build.0 = Debug|Any CPU
		{5C8EECAD-B390-4F7A-B316-2010B25154CC}.Release|Any CPU.ActiveCfg = Release|Any CPU
		{5C8EECAD-B390-4F7A-B316-2010B25154CC}.Release|Any CPU.Build.0 = Release|Any CPU
	EndGlobalSection
	GlobalSection(SolutionProperties) = preSolution
		HideSolutionNode = FALSE
	EndGlobalSection
	GlobalSection(ExtensibilityGlobals) = postSolution
		SolutionGuid = {2C020405-DEDC-47E1-94DE-982E22E504A6}
	EndGlobalSection
EndGlobal
